
Microsoft Visual Studio Solution File, Format Version 12.00
# Visual Studio Version 17
VisualStudioVersion = 17.3.32922.545
MinimumVisualStudioVersion = 10.0.40219.1
Project("{9A19103F-16F7-4668-BE54-9A1E7A4F7556}") = "BankApp", "BankApp\BankApp.csproj", "{97FD77FF-023A-49BD-9DD8-D463BAE5A5D7}"
EndProject
Project("{9A19103F-16F7-4668-BE54-9A1E7A4F7556}") = "BankApp.Tests", "BankAppTests\BankApp.Tests.csproj", "{DAD24C42-696F-4A39-A74E-1C629DE67D44}"
EndProject
Global
	GlobalSection(SolutionConfigurationPlatforms) = preSolution
		Debug|Any CPU = Debug|Any CPU
		Release|Any CPU = Release|Any CPU
	EndGlobalSection
	GlobalSection(ProjectConfigurationPlatforms) = postSolution
		{97FD77FF-023A-49BD-9DD8-D463BAE5A5D7}.Debug|Any CPU.ActiveCfg = Debug|Any CPU
		{97FD77FF-023A-49BD-9DD8-D463BAE5A5D7}.Debug|Any CPU.Build.0 = Debug|Any CPU
		{97FD77FF-023A-49BD-9DD8-D463BAE5A5D7}.Release|Any CPU.ActiveCfg = Release|Any CPU
		{97FD77FF-023A-49BD-9DD8-D463BAE5A5D7}.Release|Any CPU.Build.0 = Release|Any CPU
		{DAD24C42-696F-4A39-A74E-1C629DE67D44}.Debug|Any CPU.ActiveCfg = Debug|Any CPU
		{DAD24C42-696F-4A39-A74E-1C629DE67D44}.Debug|Any CPU.Build.0 = Debug|Any CPU
		{DAD24C42-696F-4A39-A74E-1C629DE67D44}.Release|Any CPU.ActiveCfg = Release|Any CPU
		{DAD24C42-696F-4A39-A74E-1C629DE67D44}.Release|Any CPU.Build.0 = Release|Any CPU
	EndGlobalSection
	GlobalSection(SolutionProperties) = preSolution
		HideSolutionNode = FALSE
	EndGlobalSection
	GlobalSection(ExtensibilityGlobals) = postSolution
		SolutionGuid = {B96900F9-E055-41C1-B50A-B1ECF645C725}
	EndGlobalSection
EndGlobal
